
Microsoft Visual Studio Solution File, Format Version 12.00
# Visual Studio 15
VisualStudioVersion = 15.0.28010.2050
MinimumVisualStudioVersion = 10.0.40219.1
Project("{FAE04EC0-301F-11D3-BF4B-00C04F79EFBC}") = "APC_Wrapper", "APC_Wrapper\APC_Wrapper.csproj", "{E4CF6799-DF2F-4D21-8B30-D79EB2847A6F}"
EndProject
Global
	GlobalSection(SolutionConfigurationPlatforms) = preSolution
		Debug|Any CPU = Debug|Any CPU
		Release|Any CPU = Release|Any CPU
	EndGlobalSection
	GlobalSection(ProjectConfigurationPlatforms) = postSolution
		{E4CF6799-DF2F-4D21-8B30-D79EB2847A6F}.Debug|Any CPU.ActiveCfg = Debug|Any CPU
		{E4CF6799-DF2F-4D21-8B30-D79EB2847A6F}.Debug|Any CPU.Build.0 = Debug|Any CPU
		{E4CF6799-DF2F-4D21-8B30-D79EB2847A6F}.Release|Any CPU.ActiveCfg = Release|Any CPU
		{E4CF6799-DF2F-4D21-8B30-D79EB2847A6F}.Release|Any CPU.Build.0 = Release|Any CPU
	EndGlobalSection
	GlobalSection(SolutionProperties) = preSolution
		HideSolutionNode = FALSE
	EndGlobalSection
	GlobalSection(ExtensibilityGlobals) = postSolution
		SolutionGuid = {D09D5B77-A639-4A82-BF18-28C66DE5EC4F}
	EndGlobalSection
EndGlobal
